
Microsoft Visual Studio Solution File, Format Version 12.00
# Visual Studio Version 17
VisualStudioVersion = 17.0.31903.59
MinimumVisualStudioVersion = 10.0.40219.1
Project("{2150E333-8FDC-42A3-9474-1A3956D46DE8}") = "src", "src", "{554E6E4A-27D5-4092-BED9-5D92E0B214DB}"
EndProject
Project("{2150E333-8FDC-42A3-9474-1A3956D46DE8}") = "Building Blocks", "Building Blocks", "{F3EE75F0-802E-4820-B5FF-E864D423F98C}"
EndProject
Project("{2150E333-8FDC-42A3-9474-1A3956D46DE8}") = "Services", "Services", "{F5FFB85C-0367-4100-99DC-E42D6DC68383}"
EndProject
Project("{9A19103F-16F7-4668-BE54-9A1E7A4F7556}") = "Rental.Core", "src\building blocks\Rental.Core\Rental.Core.csproj", "{75B0DB26-180A-47B7-B4B0-FB864351D91A}"
EndProject
Project("{2150E333-8FDC-42A3-9474-1A3956D46DE8}") = "Core", "Core", "{B3D140E2-DB60-4F0B-BF25-082F00E13CC3}"
EndProject
Project("{2150E333-8FDC-42A3-9474-1A3956D46DE8}") = "MessageBus", "MessageBus", "{3C680756-F8D7-4733-8BFC-1EBB8D59DF74}"
EndProject
Project("{2150E333-8FDC-42A3-9474-1A3956D46DE8}") = "Services", "Services", "{641D1F49-7366-4DC6-A7CA-0110C8D40EC7}"
EndProject
Project("{9A19103F-16F7-4668-BE54-9A1E7A4F7556}") = "Rental.MessageBus", "src\building blocks\Rental.MessageBus\Rental.MessageBus.csproj", "{FD46DDF0-DE85-48FE-B10D-700D55C0D14B}"
EndProject
Project("{9A19103F-16F7-4668-BE54-9A1E7A4F7556}") = "Rental.Services", "src\building blocks\Rental.Services\Rental.Services.csproj", "{1E0CC5DA-56B9-4A51-AEF6-2680FF27A6FD}"
EndProject
Project("{9A19103F-16F7-4668-BE54-9A1E7A4F7556}") = "Rental.Api", "src\services\Rental.Api\Rental.Api.csproj", "{1D4B7160-4D88-4BF0-8C1C-4451E07A0027}"
EndProject
Project("{9A19103F-16F7-4668-BE54-9A1E7A4F7556}") = "Rental.Notification", "src\services\Rental.Notification\Rental.Notification.csproj", "{C23421C0-2F39-470F-A7C8-A3939D5566B9}"
EndProject
Project("{2150E333-8FDC-42A3-9474-1A3956D46DE8}") = "Tests", "Tests", "{3311D7B2-1653-4009-A835-C18AE65C2EFE}"
EndProject
Project("{9A19103F-16F7-4668-BE54-9A1E7A4F7556}") = "RentalService.Tests.Unit", "tests\RentalService.Tests.Unit\RentalService.Tests.Unit.csproj", "{76F93EEE-D60E-4A92-8B14-5429E5AF8CDC}"
EndProject
Project("{FAE04EC0-301F-11D3-BF4B-00C04F79EFBC}") = "RentalService.Tests.Integration", "tests\RentalService.Tests.Integration\RentalService.Tests.Integration.csproj", "{D1A36CD3-78A9-4A08-96BC-686E9F37B956}"
EndProject
Global
	GlobalSection(SolutionConfigurationPlatforms) = preSolution
		Debug|Any CPU = Debug|Any CPU
		Release|Any CPU = Release|Any CPU
	EndGlobalSection
	GlobalSection(ProjectConfigurationPlatforms) = postSolution
		{75B0DB26-180A-47B7-B4B0-FB864351D91A}.Debug|Any CPU.ActiveCfg = Debug|Any CPU
		{75B0DB26-180A-47B7-B4B0-FB864351D91A}.Debug|Any CPU.Build.0 = Debug|Any CPU
		{75B0DB26-180A-47B7-B4B0-FB864351D91A}.Release|Any CPU.ActiveCfg = Release|Any CPU
		{75B0DB26-180A-47B7-B4B0-FB864351D91A}.Release|Any CPU.Build.0 = Release|Any CPU
		{FD46DDF0-DE85-48FE-B10D-700D55C0D14B}.Debug|Any CPU.ActiveCfg = Debug|Any CPU
		{FD46DDF0-DE85-48FE-B10D-700D55C0D14B}.Debug|Any CPU.Build.0 = Debug|Any CPU
		{FD46DDF0-DE85-48FE-B10D-700D55C0D14B}.Release|Any CPU.ActiveCfg = Release|Any CPU
		{FD46DDF0-DE85-48FE-B10D-700D55C0D14B}.Release|Any CPU.Build.0 = Release|Any CPU
		{1E0CC5DA-56B9-4A51-AEF6-2680FF27A6FD}.Debug|Any CPU.ActiveCfg = Debug|Any CPU
		{1E0CC5DA-56B9-4A51-AEF6-2680FF27A6FD}.Debug|Any CPU.Build.0 = Debug|Any CPU
		{1E0CC5DA-56B9-4A51-AEF6-2680FF27A6FD}.Release|Any CPU.ActiveCfg = Release|Any CPU
		{1E0CC5DA-56B9-4A51-AEF6-2680FF27A6FD}.Release|Any CPU.Build.0 = Release|Any CPU
		{1D4B7160-4D88-4BF0-8C1C-4451E07A0027}.Debug|Any CPU.ActiveCfg = Debug|Any CPU
		{1D4B7160-4D88-4BF0-8C1C-4451E07A0027}.Debug|Any CPU.Build.0 = Debug|Any CPU
		{1D4B7160-4D88-4BF0-8C1C-4451E07A0027}.Release|Any CPU.ActiveCfg = Release|Any CPU
		{1D4B7160-4D88-4BF0-8C1C-4451E07A0027}.Release|Any CPU.Build.0 = Release|Any CPU
		{C23421C0-2F39-470F-A7C8-A3939D5566B9}.Debug|Any CPU.ActiveCfg = Debug|Any CPU
		{C23421C0-2F39-470F-A7C8-A3939D5566B9}.Debug|Any CPU.Build.0 = Debug|Any CPU
		{C23421C0-2F39-470F-A7C8-A3939D5566B9}.Release|Any CPU.ActiveCfg = Release|Any CPU
		{C23421C0-2F39-470F-A7C8-A3939D5566B9}.Release|Any CPU.Build.0 = Release|Any CPU
		{76F93EEE-D60E-4A92-8B14-5429E5AF8CDC}.Debug|Any CPU.ActiveCfg = Debug|Any CPU
		{76F93EEE-D60E-4A92-8B14-5429E5AF8CDC}.Debug|Any CPU.Build.0 = Debug|Any CPU
		{76F93EEE-D60E-4A92-8B14-5429E5AF8CDC}.Release|Any CPU.ActiveCfg = Release|Any CPU
		{76F93EEE-D60E-4A92-8B14-5429E5AF8CDC}.Release|Any CPU.Build.0 = Release|Any CPU
		{D1A36CD3-78A9-4A08-96BC-686E9F37B956}.Debug|Any CPU.ActiveCfg = Debug|Any CPU
		{D1A36CD3-78A9-4A08-96BC-686E9F37B956}.Debug|Any CPU.Build.0 = Debug|Any CPU
		{D1A36CD3-78A9-4A08-96BC-686E9F37B956}.Release|Any CPU.ActiveCfg = Release|Any CPU
		{D1A36CD3-78A9-4A08-96BC-686E9F37B956}.Release|Any CPU.Build.0 = Release|Any CPU
	EndGlobalSection
	GlobalSection(SolutionProperties) = preSolution
		HideSolutionNode = FALSE
	EndGlobalSection
	GlobalSection(NestedProjects) = preSolution
		{F3EE75F0-802E-4820-B5FF-E864D423F98C} = {554E6E4A-27D5-4092-BED9-5D92E0B214DB}
		{F5FFB85C-0367-4100-99DC-E42D6DC68383} = {554E6E4A-27D5-4092-BED9-5D92E0B214DB}
		{75B0DB26-180A-47B7-B4B0-FB864351D91A} = {B3D140E2-DB60-4F0B-BF25-082F00E13CC3}
		{B3D140E2-DB60-4F0B-BF25-082F00E13CC3} = {F3EE75F0-802E-4820-B5FF-E864D423F98C}
		{3C680756-F8D7-4733-8BFC-1EBB8D59DF74} = {F3EE75F0-802E-4820-B5FF-E864D423F98C}
		{641D1F49-7366-4DC6-A7CA-0110C8D40EC7} = {F3EE75F0-802E-4820-B5FF-E864D423F98C}
		{FD46DDF0-DE85-48FE-B10D-700D55C0D14B} = {3C680756-F8D7-4733-8BFC-1EBB8D59DF74}
		{1E0CC5DA-56B9-4A51-AEF6-2680FF27A6FD} = {641D1F49-7366-4DC6-A7CA-0110C8D40EC7}
		{1D4B7160-4D88-4BF0-8C1C-4451E07A0027} = {F5FFB85C-0367-4100-99DC-E42D6DC68383}
		{C23421C0-2F39-470F-A7C8-A3939D5566B9} = {F5FFB85C-0367-4100-99DC-E42D6DC68383}
		{3311D7B2-1653-4009-A835-C18AE65C2EFE} = {554E6E4A-27D5-4092-BED9-5D92E0B214DB}
		{76F93EEE-D60E-4A92-8B14-5429E5AF8CDC} = {3311D7B2-1653-4009-A835-C18AE65C2EFE}
		{D1A36CD3-78A9-4A08-96BC-686E9F37B956} = {3311D7B2-1653-4009-A835-C18AE65C2EFE}
	EndGlobalSection
	GlobalSection(ExtensibilityGlobals) = postSolution
		SolutionGuid = {FB9CBAFE-C6AA-45EA-8E5B-D47BFD2540FB}
	EndGlobalSection
EndGlobal
